
Microsoft Visual Studio Solution File, Format Version 12.00
# Visual Studio Version 16
VisualStudioVersion = 16.0.28803.202
MinimumVisualStudioVersion = 10.0.40219.1
Project("{FAE04EC0-301F-11D3-BF4B-00C04F79EFBC}") = "lab18_2", "lab18_2\lab18_2.csproj", "{75035879-AE7C-4F84-8DD1-AA571FDE555E}"
EndProject
Global
	GlobalSection(SolutionConfigurationPlatforms) = preSolution
		Debug|Any CPU = Debug|Any CPU
		Release|Any CPU = Release|Any CPU
	EndGlobalSection
	GlobalSection(ProjectConfigurationPlatforms) = postSolution
		{75035879-AE7C-4F84-8DD1-AA571FDE555E}.Debug|Any CPU.ActiveCfg = Debug|Any CPU
		{75035879-AE7C-4F84-8DD1-AA571FDE555E}.Debug|Any CPU.Build.0 = Debug|Any CPU
		{75035879-AE7C-4F84-8DD1-AA571FDE555E}.Release|Any CPU.ActiveCfg = Release|Any CPU
		{75035879-AE7C-4F84-8DD1-AA571FDE555E}.Release|Any CPU.Build.0 = Release|Any CPU
	EndGlobalSection
	GlobalSection(SolutionProperties) = preSolution
		HideSolutionNode = FALSE
	EndGlobalSection
	GlobalSection(ExtensibilityGlobals) = postSolution
		SolutionGuid = {7D66F84B-0DD8-4AE8-9439-A5EDEAFC4B5D}
	EndGlobalSection
EndGlobal
